{
  "name": "webfor-mente-poli-dev-ok-backend",
  "version": "1.0.0",
  "description": "Backend for the mente12 project",
  "main": "server.js",
  "scripts": {
    "start": "node server.js"
  },
  "dependencies": {
    "express": "^4.17.1",
    "dotenv": "^10.0.0"
  },
  "keywords": [],
  "author": "",
  "license": "ISC"
}
